
Microsoft Visual Studio Solution File, Format Version 12.00
# Visual Studio Version 17
VisualStudioVersion = 17.2.32602.215
MinimumVisualStudioVersion = 10.0.40219.1
Project("{9A19103F-16F7-4668-BE54-9A1E7A4F7556}") = "Obligatorio.LogicaAccesoDatos", "Obligatorio\Obligatorio.LogicaAccesoDatos.csproj", "{8C734B7A-71EE-4D54-89FF-D5A4C24CBAA9}"
EndProject
Project("{9A19103F-16F7-4668-BE54-9A1E7A4F7556}") = "Obligatorio.LogicaAplicacion", "ObligatorioLogicaAplicacion\Obligatorio.LogicaAplicacion.csproj", "{B0DA694E-795B-4290-AF26-ED202F6431DF}"
EndProject
Project("{9A19103F-16F7-4668-BE54-9A1E7A4F7556}") = "Obligatorio.LogicaNegocio", "Obligatorio.LogicaNegocio\Obligatorio.LogicaNegocio.csproj", "{2E8F10FB-5303-4316-95E9-7B77FA832B0E}"
EndProject
Project("{9A19103F-16F7-4668-BE54-9A1E7A4F7556}") = "Obligatorio.Web", "Obligatorio.Web\Obligatorio.Web.csproj", "{9B02BA00-FC3F-40DB-B987-1690F72C8CF1}"
EndProject
Global
	GlobalSection(SolutionConfigurationPlatforms) = preSolution
		Debug|Any CPU = Debug|Any CPU
		Release|Any CPU = Release|Any CPU
	EndGlobalSection
	GlobalSection(ProjectConfigurationPlatforms) = postSolution
		{8C734B7A-71EE-4D54-89FF-D5A4C24CBAA9}.Debug|Any CPU.ActiveCfg = Debug|Any CPU
		{8C734B7A-71EE-4D54-89FF-D5A4C24CBAA9}.Debug|Any CPU.Build.0 = Debug|Any CPU
		{8C734B7A-71EE-4D54-89FF-D5A4C24CBAA9}.Release|Any CPU.ActiveCfg = Release|Any CPU
		{8C734B7A-71EE-4D54-89FF-D5A4C24CBAA9}.Release|Any CPU.Build.0 = Release|Any CPU
		{B0DA694E-795B-4290-AF26-ED202F6431DF}.Debug|Any CPU.ActiveCfg = Debug|Any CPU
		{B0DA694E-795B-4290-AF26-ED202F6431DF}.Debug|Any CPU.Build.0 = Debug|Any CPU
		{B0DA694E-795B-4290-AF26-ED202F6431DF}.Release|Any CPU.ActiveCfg = Release|Any CPU
		{B0DA694E-795B-4290-AF26-ED202F6431DF}.Release|Any CPU.Build.0 = Release|Any CPU
		{2E8F10FB-5303-4316-95E9-7B77FA832B0E}.Debug|Any CPU.ActiveCfg = Debug|Any CPU
		{2E8F10FB-5303-4316-95E9-7B77FA832B0E}.Debug|Any CPU.Build.0 = Debug|Any CPU
		{2E8F10FB-5303-4316-95E9-7B77FA832B0E}.Release|Any CPU.ActiveCfg = Release|Any CPU
		{2E8F10FB-5303-4316-95E9-7B77FA832B0E}.Release|Any CPU.Build.0 = Release|Any CPU
		{9B02BA00-FC3F-40DB-B987-1690F72C8CF1}.Debug|Any CPU.ActiveCfg = Debug|Any CPU
		{9B02BA00-FC3F-40DB-B987-1690F72C8CF1}.Debug|Any CPU.Build.0 = Debug|Any CPU
		{9B02BA00-FC3F-40DB-B987-1690F72C8CF1}.Release|Any CPU.ActiveCfg = Release|Any CPU
		{9B02BA00-FC3F-40DB-B987-1690F72C8CF1}.Release|Any CPU.Build.0 = Release|Any CPU
	EndGlobalSection
	GlobalSection(SolutionProperties) = preSolution
		HideSolutionNode = FALSE
	EndGlobalSection
	GlobalSection(ExtensibilityGlobals) = postSolution
		SolutionGuid = {8E683C7D-5494-4AF8-A55F-2B299AA5D0F9}
	EndGlobalSection
EndGlobal
